
Microsoft Visual Studio Solution File, Format Version 12.00
# Visual Studio Version 17
VisualStudioVersion = 17.4.33205.214
MinimumVisualStudioVersion = 10.0.40219.1
Project("{FAE04EC0-301F-11D3-BF4B-00C04F79EFBC}") = "UserAccountCRUD.Web", "UserAccountCRUD.Web\UserAccountCRUD.Web.csproj", "{0980057A-4E9A-4D46-B96D-D153CB365165}"
EndProject
Project("{FAE04EC0-301F-11D3-BF4B-00C04F79EFBC}") = "UserAccountCRUD.WebApi", "UserAccountCRUD.WebApi\UserAccountCRUD.WebApi.csproj", "{7ED17D29-B10D-49D1-A332-AAD52D168635}"
EndProject
Global
	GlobalSection(SolutionConfigurationPlatforms) = preSolution
		Debug|Any CPU = Debug|Any CPU
		Release|Any CPU = Release|Any CPU
	EndGlobalSection
	GlobalSection(ProjectConfigurationPlatforms) = postSolution
		{0980057A-4E9A-4D46-B96D-D153CB365165}.Debug|Any CPU.ActiveCfg = Debug|Any CPU
		{0980057A-4E9A-4D46-B96D-D153CB365165}.Debug|Any CPU.Build.0 = Debug|Any CPU
		{0980057A-4E9A-4D46-B96D-D153CB365165}.Release|Any CPU.ActiveCfg = Release|Any CPU
		{0980057A-4E9A-4D46-B96D-D153CB365165}.Release|Any CPU.Build.0 = Release|Any CPU
		{7ED17D29-B10D-49D1-A332-AAD52D168635}.Debug|Any CPU.ActiveCfg = Debug|Any CPU
		{7ED17D29-B10D-49D1-A332-AAD52D168635}.Debug|Any CPU.Build.0 = Debug|Any CPU
		{7ED17D29-B10D-49D1-A332-AAD52D168635}.Release|Any CPU.ActiveCfg = Release|Any CPU
		{7ED17D29-B10D-49D1-A332-AAD52D168635}.Release|Any CPU.Build.0 = Release|Any CPU
	EndGlobalSection
	GlobalSection(SolutionProperties) = preSolution
		HideSolutionNode = FALSE
	EndGlobalSection
	GlobalSection(ExtensibilityGlobals) = postSolution
		SolutionGuid = {A7E0CA9E-9CB3-4960-A638-D381F7390254}
	EndGlobalSection
EndGlobal
